
Microsoft Visual Studio Solution File, Format Version 12.00
# Visual Studio Version 16
VisualStudioVersion = 16.0.31424.327
MinimumVisualStudioVersion = 10.0.40219.1
Project("{FAE04EC0-301F-11D3-BF4B-00C04F79EFBC}") = "Curso Xamarin.Forms.Android", "Curso Xamarin.Forms\Curso Xamarin.Forms.Android\Curso Xamarin.Forms.Android.csproj", "{AE48C78C-8067-45F2-8752-369DF4603566}"
EndProject
Project("{FAE04EC0-301F-11D3-BF4B-00C04F79EFBC}") = "Curso Xamarin.Forms.iOS", "Curso Xamarin.Forms\Curso Xamarin.Forms.iOS\Curso Xamarin.Forms.iOS.csproj", "{5B2FAA78-0A42-4ECA-87F2-E28887E8BCF5}"
EndProject
Project("{FAE04EC0-301F-11D3-BF4B-00C04F79EFBC}") = "Curso Xamarin.Forms", "Curso Xamarin.Forms\Curso Xamarin.Forms\Curso Xamarin.Forms.csproj", "{F6D4F84C-B155-4C8C-8B8B-B5C132FB2E2C}"
EndProject
Global
	GlobalSection(SolutionConfigurationPlatforms) = preSolution
		Debug|Any CPU = Debug|Any CPU
		Debug|iPhone = Debug|iPhone
		Debug|iPhoneSimulator = Debug|iPhoneSimulator
		Release|Any CPU = Release|Any CPU
		Release|iPhone = Release|iPhone
		Release|iPhoneSimulator = Release|iPhoneSimulator
	EndGlobalSection
	GlobalSection(ProjectConfigurationPlatforms) = postSolution
		{AE48C78C-8067-45F2-8752-369DF4603566}.Debug|Any CPU.ActiveCfg = Debug|Any CPU
		{AE48C78C-8067-45F2-8752-369DF4603566}.Debug|Any CPU.Build.0 = Debug|Any CPU
		{AE48C78C-8067-45F2-8752-369DF4603566}.Debug|Any CPU.Deploy.0 = Debug|Any CPU
		{AE48C78C-8067-45F2-8752-369DF4603566}.Debug|iPhone.ActiveCfg = Debug|Any CPU
		{AE48C78C-8067-45F2-8752-369DF4603566}.Debug|iPhone.Build.0 = Debug|Any CPU
		{AE48C78C-8067-45F2-8752-369DF4603566}.Debug|iPhone.Deploy.0 = Debug|Any CPU
		{AE48C78C-8067-45F2-8752-369DF4603566}.Debug|iPhoneSimulator.ActiveCfg = Debug|Any CPU
		{AE48C78C-8067-45F2-8752-369DF4603566}.Debug|iPhoneSimulator.Build.0 = Debug|Any CPU
		{AE48C78C-8067-45F2-8752-369DF4603566}.Debug|iPhoneSimulator.Deploy.0 = Debug|Any CPU
		{AE48C78C-8067-45F2-8752-369DF4603566}.Release|Any CPU.ActiveCfg = Release|Any CPU
		{AE48C78C-8067-45F2-8752-369DF4603566}.Release|Any CPU.Build.0 = Release|Any CPU
		{AE48C78C-8067-45F2-8752-369DF4603566}.Release|Any CPU.Deploy.0 = Release|Any CPU
		{AE48C78C-8067-45F2-8752-369DF4603566}.Release|iPhone.ActiveCfg = Release|Any CPU
		{AE48C78C-8067-45F2-8752-369DF4603566}.Release|iPhone.Build.0 = Release|Any CPU
		{AE48C78C-8067-45F2-8752-369DF4603566}.Release|iPhone.Deploy.0 = Release|Any CPU
		{AE48C78C-8067-45F2-8752-369DF4603566}.Release|iPhoneSimulator.ActiveCfg = Release|Any CPU
		{AE48C78C-8067-45F2-8752-369DF4603566}.Release|iPhoneSimulator.Build.0 = Release|Any CPU
		{AE48C78C-8067-45F2-8752-369DF4603566}.Release|iPhoneSimulator.Deploy.0 = Release|Any CPU
		{5B2FAA78-0A42-4ECA-87F2-E28887E8BCF5}.Debug|Any CPU.ActiveCfg = Debug|iPhone
		{5B2FAA78-0A42-4ECA-87F2-E28887E8BCF5}.Debug|Any CPU.Build.0 = Debug|iPhone
		{5B2FAA78-0A42-4ECA-87F2-E28887E8BCF5}.Debug|Any CPU.Deploy.0 = Debug|iPhone
		{5B2FAA78-0A42-4ECA-87F2-E28887E8BCF5}.Debug|iPhone.ActiveCfg = Debug|iPhone
		{5B2FAA78-0A42-4ECA-87F2-E28887E8BCF5}.Debug|iPhone.Build.0 = Debug|iPhone
		{5B2FAA78-0A42-4ECA-87F2-E28887E8BCF5}.Debug|iPhone.Deploy.0 = Debug|iPhone
		{5B2FAA78-0A42-4ECA-87F2-E28887E8BCF5}.Debug|iPhoneSimulator.ActiveCfg = Debug|iPhoneSimulator
		{5B2FAA78-0A42-4ECA-87F2-E28887E8BCF5}.Debug|iPhoneSimulator.Build.0 = Debug|iPhoneSimulator
		{5B2FAA78-0A42-4ECA-87F2-E28887E8BCF5}.Debug|iPhoneSimulator.Deploy.0 = Debug|iPhoneSimulator
		{5B2FAA78-0A42-4ECA-87F2-E28887E8BCF5}.Release|Any CPU.ActiveCfg = Release|iPhoneSimulator
		{5B2FAA78-0A42-4ECA-87F2-E28887E8BCF5}.Release|Any CPU.Build.0 = Release|iPhoneSimulator
		{5B2FAA78-0A42-4ECA-87F2-E28887E8BCF5}.Release|Any CPU.Deploy.0 = Release|iPhoneSimulator
		{5B2FAA78-0A42-4ECA-87F2-E28887E8BCF5}.Release|iPhone.ActiveCfg = Release|iPhone
		{5B2FAA78-0A42-4ECA-87F2-E28887E8BCF5}.Release|iPhone.Build.0 = Release|iPhone
		{5B2FAA78-0A42-4ECA-87F2-E28887E8BCF5}.Release|iPhone.Deploy.0 = Release|iPhone
		{5B2FAA78-0A42-4ECA-87F2-E28887E8BCF5}.Release|iPhoneSimulator.ActiveCfg = Release|iPhoneSimulator
		{5B2FAA78-0A42-4ECA-87F2-E28887E8BCF5}.Release|iPhoneSimulator.Build.0 = Release|iPhoneSimulator
		{5B2FAA78-0A42-4ECA-87F2-E28887E8BCF5}.Release|iPhoneSimulator.Deploy.0 = Release|iPhoneSimulator
		{F6D4F84C-B155-4C8C-8B8B-B5C132FB2E2C}.Debug|Any CPU.ActiveCfg = Debug|Any CPU
		{F6D4F84C-B155-4C8C-8B8B-B5C132FB2E2C}.Debug|Any CPU.Build.0 = Debug|Any CPU
		{F6D4F84C-B155-4C8C-8B8B-B5C132FB2E2C}.Debug|Any CPU.Deploy.0 = Debug|Any CPU
		{F6D4F84C-B155-4C8C-8B8B-B5C132FB2E2C}.Debug|iPhone.ActiveCfg = Debug|Any CPU
		{F6D4F84C-B155-4C8C-8B8B-B5C132FB2E2C}.Debug|iPhone.Build.0 = Debug|Any CPU
		{F6D4F84C-B155-4C8C-8B8B-B5C132FB2E2C}.Debug|iPhone.Deploy.0 = Debug|Any CPU
		{F6D4F84C-B155-4C8C-8B8B-B5C132FB2E2C}.Debug|iPhoneSimulator.ActiveCfg = Debug|Any CPU
		{F6D4F84C-B155-4C8C-8B8B-B5C132FB2E2C}.Debug|iPhoneSimulator.Build.0 = Debug|Any CPU
		{F6D4F84C-B155-4C8C-8B8B-B5C132FB2E2C}.Debug|iPhoneSimulator.Deploy.0 = Debug|Any CPU
		{F6D4F84C-B155-4C8C-8B8B-B5C132FB2E2C}.Release|Any CPU.ActiveCfg = Release|Any CPU
		{F6D4F84C-B155-4C8C-8B8B-B5C132FB2E2C}.Release|Any CPU.Build.0 = Release|Any CPU
		{F6D4F84C-B155-4C8C-8B8B-B5C132FB2E2C}.Release|Any CPU.Deploy.0 = Release|Any CPU
		{F6D4F84C-B155-4C8C-8B8B-B5C132FB2E2C}.Release|iPhone.ActiveCfg = Release|Any CPU
		{F6D4F84C-B155-4C8C-8B8B-B5C132FB2E2C}.Release|iPhone.Build.0 = Release|Any CPU
		{F6D4F84C-B155-4C8C-8B8B-B5C132FB2E2C}.Release|iPhone.Deploy.0 = Release|Any CPU
		{F6D4F84C-B155-4C8C-8B8B-B5C132FB2E2C}.Release|iPhoneSimulator.ActiveCfg = Release|Any CPU
		{F6D4F84C-B155-4C8C-8B8B-B5C132FB2E2C}.Release|iPhoneSimulator.Build.0 = Release|Any CPU
		{F6D4F84C-B155-4C8C-8B8B-B5C132FB2E2C}.Release|iPhoneSimulator.Deploy.0 = Release|Any CPU
	EndGlobalSection
	GlobalSection(SolutionProperties) = preSolution
		HideSolutionNode = FALSE
	EndGlobalSection
	GlobalSection(ExtensibilityGlobals) = postSolution
		SolutionGuid = {25613EFD-9AA1-4D3B-A4D5-6D4B921ABEE1}
	EndGlobalSection
EndGlobal
